
Microsoft Visual Studio Solution File, Format Version 12.00
# Visual Studio Version 17
VisualStudioVersion = 17.11.35222.181
MinimumVisualStudioVersion = 10.0.40219.1
Project("{FAE04EC0-301F-11D3-BF4B-00C04F79EFBC}") = "NumberGuessingGame", "NumberGuessingGame\NumberGuessingGame.csproj", "{23141E63-EEF9-424F-AE00-3074CEF4BBCE}"
EndProject
Global
	GlobalSection(SolutionConfigurationPlatforms) = preSolution
		Debug|Any CPU = Debug|Any CPU
		Release|Any CPU = Release|Any CPU
	EndGlobalSection
	GlobalSection(ProjectConfigurationPlatforms) = postSolution
		{23141E63-EEF9-424F-AE00-3074CEF4BBCE}.Debug|Any CPU.ActiveCfg = Debug|Any CPU
		{23141E63-EEF9-424F-AE00-3074CEF4BBCE}.Debug|Any CPU.Build.0 = Debug|Any CPU
		{23141E63-EEF9-424F-AE00-3074CEF4BBCE}.Release|Any CPU.ActiveCfg = Release|Any CPU
		{23141E63-EEF9-424F-AE00-3074CEF4BBCE}.Release|Any CPU.Build.0 = Release|Any CPU
	EndGlobalSection
	GlobalSection(SolutionProperties) = preSolution
		HideSolutionNode = FALSE
	EndGlobalSection
	GlobalSection(ExtensibilityGlobals) = postSolution
		SolutionGuid = {8B58D58D-D954-49D9-88A7-30C6F06A1F66}
	EndGlobalSection
EndGlobal
